# This file was autogenerated by uv via the following command:
#    uv pip compile pyproject.toml -o requirements.lock
anyio==4.14.2
    # via
    #   httpx
    #   jupyter-server
argon2-cffi==25.1.0
    # via jupyter-server
argon2-cffi-bindings==26.1.0
    # via argon2-cffi
arrow==1.4.0
    # via isoduration
asttokens==3.0.2
    # via stack-data
async-lru==2.3.0
    # via jupyterlab
attrs==26.1.0
    # via
    #   jsonschema
    #   referencing
babel==2.18.0
    # via jupyterlab-server
beautifulsoup4==4.15.0
    # via nbconvert
bleach==6.4.0
    # via nbconvert
bottleneck==1.6.0
    # via linopy
branca==0.8.2
    # via folium
cartopy==0.25.0
    # via workshop-202609 (pyproject.toml)
certifi==2026.7.22
    # via
    #   httpcore
    #   httpx
    #   netcdf4
    #   pyogrio
    #   pyproj
    #   requests
cffi==2.1.1
    # via argon2-cffi-bindings
cfgv==3.5.0
    # via pre-commit
cftime==1.6.5
    # via netcdf4
charset-normalizer==3.5.1
    # via requests
click==8.4.2
    # via dask
cloudpickle==3.1.2
    # via dask
comm==0.2.3
    # via ipykernel
contourpy==1.3.3
    # via matplotlib
cycler==0.12.1
    # via matplotlib
dask==2026.7.1
    # via linopy
debugpy==1.8.21
    # via ipykernel
defusedxml==0.7.1
    # via nbconvert
deprecation==2.1.0
    # via
    #   linopy
    #   pypsa
distlib==0.4.3
    # via virtualenv
et-xmlfile==2.0.0
    # via openpyxl
executing==2.2.1
    # via stack-data
fastjsonschema==2.22.2
    # via nbformat
filelock==3.32.4
    # via
    #   python-discovery
    #   virtualenv
folium==0.20.0
    # via workshop-202609 (pyproject.toml)
fonttools==4.63.0
    # via matplotlib
fqdn==1.5.1
    # via jsonschema
fsspec==2026.7.0
    # via dask
geopandas==1.1.4
    # via
    #   workshop-202609 (pyproject.toml)
    #   pypsa
h11==0.16.0
    # via httpcore
highspy==1.15.1
    # via
    #   workshop-202609 (pyproject.toml)
    #   pypsa
httpcore==1.0.9
    # via httpx
httpx==0.28.1
    # via jupyterlab
identify==2.6.19
    # via pre-commit
idna==3.19
    # via
    #   anyio
    #   httpx
    #   jsonschema
    #   requests
ipykernel==7.3.0
    # via
    #   jupyter-book
    #   jupyterlab
ipython==9.16.1
    # via
    #   workshop-202609 (pyproject.toml)
    #   ipykernel
ipython-pygments-lexers==1.1.1
    # via ipython
isoduration==20.11.0
    # via jsonschema
jedi==0.20.0
    # via ipython
jinja2==3.1.6
    # via
    #   branca
    #   folium
    #   jupyter-server
    #   jupyterlab
    #   jupyterlab-server
    #   nbconvert
    #   pydeck
joblib==1.5.3
    # via scikit-learn
json5==0.15.0
    # via jupyterlab-server
jsonpointer==3.1.1
    # via jsonschema
jsonschema==4.26.0
    # via
    #   jupyter-events
    #   jupyterlab-server
    #   nbformat
jsonschema-specifications==2025.9.1
    # via jsonschema
jupyter-book==2.1.6
    # via workshop-202609 (pyproject.toml)
jupyter-builder==1.2.2
    # via jupyterlab
jupyter-client==8.9.1
    # via
    #   ipykernel
    #   jupyter-server
    #   nbclient
jupyter-core==5.9.1
    # via
    #   ipykernel
    #   jupyter-book
    #   jupyter-builder
    #   jupyter-client
    #   jupyter-server
    #   jupyterlab
    #   nbclient
    #   nbconvert
    #   nbformat
jupyter-events==0.12.1
    # via jupyter-server
jupyter-lsp==2.3.1
    # via jupyterlab
jupyter-server==2.20.0
    # via
    #   jupyter-book
    #   jupyter-lsp
    #   jupyterlab
    #   jupyterlab-server
    #   notebook-shim
jupyter-server-terminals==0.5.4
    # via jupyter-server
jupyterlab==4.6.3
    # via workshop-202609 (pyproject.toml)
jupyterlab-pygments==0.3.0
    # via nbconvert
jupyterlab-server==2.28.0
    # via jupyterlab
kiwisolver==1.5.0
    # via matplotlib
lark==1.3.1
    # via rfc3987-syntax
levenshtein==0.27.4
    # via pypsa
linopy==0.9.1
    # via pypsa
llvmlite==0.49.0
    # via numba
locket==1.0.0
    # via partd
lxml==6.1.2
    # via workshop-202609 (pyproject.toml)
mapclassify==2.11.0
    # via workshop-202609 (pyproject.toml)
markupsafe==3.0.3
    # via
    #   jinja2
    #   nbconvert
matplotlib==3.11.1
    # via
    #   workshop-202609 (pyproject.toml)
    #   cartopy
    #   pypsa
    #   seaborn
matplotlib-inline==0.2.2
    # via
    #   ipykernel
    #   ipython
mistune==3.3.4
    # via nbconvert
narwhals==2.25.0
    # via scikit-learn
nbclient==0.11.0
    # via nbconvert
nbconvert==7.17.1
    # via jupyter-server
nbformat==5.11.1
    # via
    #   jupyter-server
    #   nbclient
    #   nbconvert
nest-asyncio2==1.7.2
    # via ipykernel
netcdf4==1.7.4
    # via
    #   workshop-202609 (pyproject.toml)
    #   pypsa
networkx==3.6.1
    # via
    #   mapclassify
    #   pypsa
nodeenv==1.10.0
    # via
    #   jupyter-book
    #   pre-commit
notebook-shim==0.2.4
    # via jupyterlab
numba==0.67.0
    # via workshop-202609 (pyproject.toml)
numexpr==2.14.2
    # via linopy
numpy==2.5.2
    # via
    #   workshop-202609 (pyproject.toml)
    #   bottleneck
    #   cartopy
    #   cftime
    #   contourpy
    #   folium
    #   geopandas
    #   highspy
    #   linopy
    #   mapclassify
    #   matplotlib
    #   netcdf4
    #   numba
    #   numexpr
    #   pandas
    #   pydeck
    #   pyogrio
    #   pypsa
    #   scikit-learn
    #   scipy
    #   seaborn
    #   shapely
    #   xarray
openpyxl==3.1.5
    # via
    #   workshop-202609 (pyproject.toml)
    #   pypsa
packaging==26.3
    # via
    #   cartopy
    #   dask
    #   deprecation
    #   geopandas
    #   ipykernel
    #   jupyter-events
    #   jupyter-server
    #   jupyterlab
    #   jupyterlab-server
    #   linopy
    #   matplotlib
    #   nbconvert
    #   plotly
    #   pyogrio
    #   xarray
pandas==2.3.3
    # via
    #   workshop-202609 (pyproject.toml)
    #   geopandas
    #   mapclassify
    #   pypsa
    #   seaborn
    #   xarray
pandocfilters==1.5.1
    # via nbconvert
parso==0.8.7
    # via jedi
partd==1.4.2
    # via dask
pexpect==4.9.0
    # via ipython
pillow==12.3.0
    # via matplotlib
platformdirs==4.11.4
    # via
    #   jupyter-book
    #   jupyter-core
    #   pypsa
    #   virtualenv
plotly==5.24.1
    # via
    #   workshop-202609 (pyproject.toml)
    #   pypsa
polars==1.44.0
    # via linopy
polars-runtime-32==1.44.0
    # via polars
pre-commit==4.6.2
    # via workshop-202609 (pyproject.toml)
prometheus-client==0.26.0
    # via jupyter-server
prompt-toolkit==3.0.53
    # via ipython
psutil==7.2.2
    # via
    #   ipykernel
    #   ipython
ptyprocess==0.7.0
    # via
    #   pexpect
    #   terminado
pure-eval==0.2.3
    # via stack-data
pyarrow==25.0.1
    # via workshop-202609 (pyproject.toml)
pycparser==3.0
    # via cffi
pydeck==0.9.3
    # via pypsa
pygments==2.21.0
    # via
    #   ipython
    #   ipython-pygments-lexers
    #   nbconvert
pyogrio==0.13.0
    # via geopandas
pyparsing==3.3.2
    # via matplotlib
pyproj==3.7.2
    # via
    #   cartopy
    #   geopandas
pypsa==1.2.4
    # via workshop-202609 (pyproject.toml)
pyshp==3.1.6
    # via cartopy
python-calamine==0.8.2
    # via pypsa
python-dateutil==2.9.0.post0
    # via
    #   arrow
    #   jupyter-client
    #   matplotlib
    #   pandas
python-discovery==1.5.3
    # via virtualenv
python-json-logger==4.2.0
    # via jupyter-events
pytz==2026.3.post1
    # via pandas
pyyaml==6.0.3
    # via
    #   dask
    #   jupyter-events
    #   pre-commit
pyzmq==27.2.0
    # via
    #   ipykernel
    #   jupyter-client
    #   jupyter-server
rapidfuzz==3.14.5
    # via levenshtein
referencing==0.37.0
    # via
    #   jsonschema
    #   jsonschema-specifications
    #   jupyter-events
requests==2.34.2
    # via
    #   folium
    #   jupyterlab-server
rfc3339-validator==0.1.4
    # via
    #   jsonschema
    #   jupyter-events
rfc3986-validator==0.1.1
    # via
    #   jsonschema
    #   jupyter-events
rfc3987-syntax==1.1.0
    # via jsonschema
rpds-py==2026.6.3
    # via
    #   jsonschema
    #   referencing
scikit-learn==1.9.0
    # via mapclassify
scipy==1.18.1
    # via
    #   workshop-202609 (pyproject.toml)
    #   linopy
    #   mapclassify
    #   pypsa
    #   scikit-learn
seaborn==0.13.2
    # via pypsa
send2trash==2.1.0
    # via jupyter-server
shapely==2.1.2
    # via
    #   workshop-202609 (pyproject.toml)
    #   cartopy
    #   geopandas
    #   pypsa
six==1.17.0
    # via
    #   python-dateutil
    #   rfc3339-validator
soupsieve==2.9.2
    # via beautifulsoup4
stack-data==0.6.3
    # via ipython
tenacity==9.1.4
    # via plotly
terminado==0.18.1
    # via
    #   jupyter-server
    #   jupyter-server-terminals
threadpoolctl==3.6.0
    # via scikit-learn
tinycss2==1.5.1
    # via bleach
toolz==1.1.0
    # via
    #   dask
    #   linopy
    #   partd
tornado==6.5.8
    # via
    #   ipykernel
    #   jupyter-client
    #   jupyter-server
    #   jupyterlab
    #   terminado
tqdm==4.70.0
    # via linopy
traitlets==5.16.1
    # via
    #   ipykernel
    #   ipython
    #   jupyter-builder
    #   jupyter-client
    #   jupyter-core
    #   jupyter-events
    #   jupyter-server
    #   jupyterlab
    #   matplotlib-inline
    #   nbclient
    #   nbconvert
    #   nbformat
typing-extensions==4.16.0
    # via
    #   beautifulsoup4
    #   jupyter-client
tzdata==2026.3
    # via
    #   arrow
    #   pandas
uri-template==1.3.0
    # via jsonschema
urllib3==2.7.0
    # via requests
validators==0.35.0
    # via pypsa
virtualenv==21.7.4
    # via pre-commit
wcwidth==0.8.2
    # via prompt-toolkit
webcolors==25.10.0
    # via jsonschema
webencodings==0.6.1
    # via
    #   bleach
    #   tinycss2
websocket-client==1.9.0
    # via jupyter-server
xarray==2026.7.0
    # via
    #   workshop-202609 (pyproject.toml)
    #   linopy
    #   pypsa
xyzservices==2026.3.0
    # via folium
